// !$*UTF8*$!
{
	archiveVersion = 1;
	classes = {
	};
	objectVersion = 56;
	objects = {

/* Begin PBXBuildFile section */
		9D01F0402AACF6FC00184C1B /* HandView.swift in Sources */ = {isa = PBXBuildFile; fileRef = 9D01F03F2AACF6FC00184C1B /* HandView.swift */; };
		9D01F0422AACF72900184C1B /* HandViewModel.swift in Sources */ = {isa = PBXBuildFile; fileRef = 9D01F0412AACF72900184C1B /* HandViewModel.swift */; };
		9D01F0442AACFC4200184C1B /* Indicators.swift in Sources */ = {isa = PBXBuildFile; fileRef = 9D01F0432AACFC4200184C1B /* Indicators.swift */; };
		9D565E8F2AAB7EA00004F40F /* ClockApp.swift in Sources */ = {isa = PBXBuildFile; fileRef = 9D565E8E2AAB7EA00004F40F /* ClockApp.swift */; };
		9D565E912AAB7EA00004F40F /* SampleView.swift in Sources */ = {isa = PBXBuildFile; fileRef = 9D565E902AAB7EA00004F40F /* SampleView.swift */; };
		9D565E932AAB7EA10004F40F /* Assets.xcassets in Resources */ = {isa = PBXBuildFile; fileRef = 9D565E922AAB7EA10004F40F /* Assets.xcassets */; };
		9D565E962AAB7EA10004F40F /* Preview Assets.xcassets in Resources */ = {isa = PBXBuildFile; fileRef = 9D565E952AAB7EA10004F40F /* Preview Assets.xcassets */; };
		9D565E9F2AAB7FB90004F40F /* ClockTime.swift in Sources */ = {isa = PBXBuildFile; fileRef = 9D565E9E2AAB7FB90004F40F /* ClockTime.swift */; };
		9D565EA12AAB80B10004F40F /* HourIndicators.swift in Sources */ = {isa = PBXBuildFile; fileRef = 9D565EA02AAB80B10004F40F /* HourIndicators.swift */; };
		9D565EA32AAB824B0004F40F /* Hands.swift in Sources */ = {isa = PBXBuildFile; fileRef = 9D565EA22AAB824B0004F40F /* Hands.swift */; };
		9D565EA72AAB84D50004F40F /* ClockView.swift in Sources */ = {isa = PBXBuildFile; fileRef = 9D565EA62AAB84D50004F40F /* ClockView.swift */; };
		9D565EA92AAB9AB30004F40F /* Metallic.swift in Sources */ = {isa = PBXBuildFile; fileRef = 9D565EA82AAB9AB30004F40F /* Metallic.swift */; };
		9D955C882AABF7E1002680AD /* HourIndicatorsViewModel.swift in Sources */ = {isa = PBXBuildFile; fileRef = 9D955C872AABF7E1002680AD /* HourIndicatorsViewModel.swift */; };
		9D955C8A2AABF9DF002680AD /* ClockManager.swift in Sources */ = {isa = PBXBuildFile; fileRef = 9D955C892AABF9DF002680AD /* ClockManager.swift */; };
		9D955C8E2AAC17A0002680AD /* ClockObserver.swift in Sources */ = {isa = PBXBuildFile; fileRef = 9D955C8D2AAC17A0002680AD /* ClockObserver.swift */; };
/* End PBXBuildFile section */

/* Begin PBXFileReference section */
		9D01F03F2AACF6FC00184C1B /* HandView.swift */ = {isa = PBXFileReference; lastKnownFileType = sourcecode.swift; path = HandView.swift; sourceTree = "<group>"; };
		9D01F0412AACF72900184C1B /* HandViewModel.swift */ = {isa = PBXFileReference; lastKnownFileType = sourcecode.swift; path = HandViewModel.swift; sourceTree = "<group>"; };
		9D01F0432AACFC4200184C1B /* Indicators.swift */ = {isa = PBXFileReference; lastKnownFileType = sourcecode.swift; path = Indicators.swift; sourceTree = "<group>"; };
		9D565E8B2AAB7EA00004F40F /* Clock.app */ = {isa = PBXFileReference; explicitFileType = wrapper.application; includeInIndex = 0; path = Clock.app; sourceTree = BUILT_PRODUCTS_DIR; };
		9D565E8E2AAB7EA00004F40F /* ClockApp.swift */ = {isa = PBXFileReference; lastKnownFileType = sourcecode.swift; path = ClockApp.swift; sourceTree = "<group>"; };
		9D565E902AAB7EA00004F40F /* SampleView.swift */ = {isa = PBXFileReference; lastKnownFileType = sourcecode.swift; path = SampleView.swift; sourceTree = "<group>"; };
		9D565E922AAB7EA10004F40F /* Assets.xcassets */ = {isa = PBXFileReference; lastKnownFileType = folder.assetcatalog; path = Assets.xcassets; sourceTree = "<group>"; };
		9D565E952AAB7EA10004F40F /* Preview Assets.xcassets */ = {isa = PBXFileReference; lastKnownFileType = folder.assetcatalog; path = "Preview Assets.xcassets"; sourceTree = "<group>"; };
		9D565E9E2AAB7FB90004F40F /* ClockTime.swift */ = {isa = PBXFileReference; lastKnownFileType = sourcecode.swift; path = ClockTime.swift; sourceTree = "<group>"; };
		9D565EA02AAB80B10004F40F /* HourIndicators.swift */ = {isa = PBXFileReference; lastKnownFileType = sourcecode.swift; path = HourIndicators.swift; sourceTree = "<group>"; };
		9D565EA22AAB824B0004F40F /* Hands.swift */ = {isa = PBXFileReference; lastKnownFileType = sourcecode.swift; path = Hands.swift; sourceTree = "<group>"; };
		9D565EA62AAB84D50004F40F /* ClockView.swift */ = {isa = PBXFileReference; lastKnownFileType = sourcecode.swift; path = ClockView.swift; sourceTree = "<group>"; };
		9D565EA82AAB9AB30004F40F /* Metallic.swift */ = {isa = PBXFileReference; lastKnownFileType = sourcecode.swift; path = Metallic.swift; sourceTree = "<group>"; };
		9D955C872AABF7E1002680AD /* HourIndicatorsViewModel.swift */ = {isa = PBXFileReference; lastKnownFileType = sourcecode.swift; path = HourIndicatorsViewModel.swift; sourceTree = "<group>"; };
		9D955C892AABF9DF002680AD /* ClockManager.swift */ = {isa = PBXFileReference; lastKnownFileType = sourcecode.swift; path = ClockManager.swift; sourceTree = "<group>"; };
		9D955C8D2AAC17A0002680AD /* ClockObserver.swift */ = {isa = PBXFileReference; lastKnownFileType = sourcecode.swift; path = ClockObserver.swift; sourceTree = "<group>"; };
/* End PBXFileReference section */

/* Begin PBXFrameworksBuildPhase section */
		9D565E882AAB7EA00004F40F /* Frameworks */ = {
			isa = PBXFrameworksBuildPhase;
			buildActionMask = 2147483647;
			files = (
			);
			runOnlyForDeploymentPostprocessing = 0;
		};
/* End PBXFrameworksBuildPhase section */

/* Begin PBXGroup section */
		9D565E822AAB7EA00004F40F = {
			isa = PBXGroup;
			children = (
				9D565E8D2AAB7EA00004F40F /* Clock */,
				9D565E8C2AAB7EA00004F40F /* Products */,
			);
			sourceTree = "<group>";
		};
		9D565E8C2AAB7EA00004F40F /* Products */ = {
			isa = PBXGroup;
			children = (
				9D565E8B2AAB7EA00004F40F /* Clock.app */,
			);
			name = Products;
			sourceTree = "<group>";
		};
		9D565E8D2AAB7EA00004F40F /* Clock */ = {
			isa = PBXGroup;
			children = (
				9D565E8E2AAB7EA00004F40F /* ClockApp.swift */,
				9D565E902AAB7EA00004F40F /* SampleView.swift */,
				9D955C822AABE69B002680AD /* Styles */,
				9D565E9C2AAB7F7D0004F40F /* Models */,
				9D955C7F2AABE65B002680AD /* Utilities */,
				9D565E9D2AAB7F830004F40F /* Views */,
				9D565E922AAB7EA10004F40F /* Assets.xcassets */,
				9D565E942AAB7EA10004F40F /* Preview Content */,
			);
			path = Clock;
			sourceTree = "<group>";
		};
		9D565E942AAB7EA10004F40F /* Preview Content */ = {
			isa = PBXGroup;
			children = (
				9D565E952AAB7EA10004F40F /* Preview Assets.xcassets */,
			);
			path = "Preview Content";
			sourceTree = "<group>";
		};
		9D565E9C2AAB7F7D0004F40F /* Models */ = {
			isa = PBXGroup;
			children = (
				9D565E9E2AAB7FB90004F40F /* ClockTime.swift */,
				9D01F0432AACFC4200184C1B /* Indicators.swift */,
				9D565EA22AAB824B0004F40F /* Hands.swift */,
			);
			path = Models;
			sourceTree = "<group>";
		};
		9D565E9D2AAB7F830004F40F /* Views */ = {
			isa = PBXGroup;
			children = (
				9D565EA62AAB84D50004F40F /* ClockView.swift */,
				9D955C8F2AAC1BBA002680AD /* HourIndicators */,
				9D955C902AAC1BC2002680AD /* Hands */,
			);
			path = Views;
			sourceTree = "<group>";
		};
		9D955C7F2AABE65B002680AD /* Utilities */ = {
			isa = PBXGroup;
			children = (
				9D955C892AABF9DF002680AD /* ClockManager.swift */,
				9D955C8D2AAC17A0002680AD /* ClockObserver.swift */,
			);
			path = Utilities;
			sourceTree = "<group>";
		};
		9D955C822AABE69B002680AD /* Styles */ = {
			isa = PBXGroup;
			children = (
				9D565EA82AAB9AB30004F40F /* Metallic.swift */,
			);
			path = Styles;
			sourceTree = "<group>";
		};
		9D955C8F2AAC1BBA002680AD /* HourIndicators */ = {
			isa = PBXGroup;
			children = (
				9D955C872AABF7E1002680AD /* HourIndicatorsViewModel.swift */,
				9D565EA02AAB80B10004F40F /* HourIndicators.swift */,
			);
			path = HourIndicators;
			sourceTree = "<group>";
		};
		9D955C902AAC1BC2002680AD /* Hands */ = {
			isa = PBXGroup;
			children = (
				9D01F0412AACF72900184C1B /* HandViewModel.swift */,
				9D01F03F2AACF6FC00184C1B /* HandView.swift */,
			);
			path = Hands;
			sourceTree = "<group>";
		};
/* End PBXGroup section */

/* Begin PBXNativeTarget section */
		9D565E8A2AAB7EA00004F40F /* Clock */ = {
			isa = PBXNativeTarget;
			buildConfigurationList = 9D565E992AAB7EA10004F40F /* Build configuration list for PBXNativeTarget "Clock" */;
			buildPhases = (
				9D565E872AAB7EA00004F40F /* Sources */,
				9D565E882AAB7EA00004F40F /* Frameworks */,
				9D565E892AAB7EA00004F40F /* Resources */,
			);
			buildRules = (
			);
			dependencies = (
			);
			name = Clock;
			productName = Clock;
			productReference = 9D565E8B2AAB7EA00004F40F /* Clock.app */;
			productType = "com.apple.product-type.application";
		};
/* End PBXNativeTarget section */

/* Begin PBXProject section */
		9D565E832AAB7EA00004F40F /* Project object */ = {
			isa = PBXProject;
			attributes = {
				BuildIndependentTargetsInParallel = 1;
				LastSwiftUpdateCheck = 1420;
				LastUpgradeCheck = 1420;
				TargetAttributes = {
					9D565E8A2AAB7EA00004F40F = {
						CreatedOnToolsVersion = 14.2;
					};
				};
			};
			buildConfigurationList = 9D565E862AAB7EA00004F40F /* Build configuration list for PBXProject "Clock" */;
			compatibilityVersion = "Xcode 14.0";
			developmentRegion = en;
			hasScannedForEncodings = 0;
			knownRegions = (
				en,
				Base,
			);
			mainGroup = 9D565E822AAB7EA00004F40F;
			productRefGroup = 9D565E8C2AAB7EA00004F40F /* Products */;
			projectDirPath = "";
			projectRoot = "";
			targets = (
				9D565E8A2AAB7EA00004F40F /* Clock */,
			);
		};
/* End PBXProject section */

/* Begin PBXResourcesBuildPhase section */
		9D565E892AAB7EA00004F40F /* Resources */ = {
			isa = PBXResourcesBuildPhase;
			buildActionMask = 2147483647;
			files = (
				9D565E962AAB7EA10004F40F /* Preview Assets.xcassets in Resources */,
				9D565E932AAB7EA10004F40F /* Assets.xcassets in Resources */,
			);
			runOnlyForDeploymentPostprocessing = 0;
		};
/* End PBXResourcesBuildPhase section */

/* Begin PBXSourcesBuildPhase section */
		9D565E872AAB7EA00004F40F /* Sources */ = {
			isa = PBXSourcesBuildPhase;
			buildActionMask = 2147483647;
			files = (
				9D565E9F2AAB7FB90004F40F /* ClockTime.swift in Sources */,
				9D955C8A2AABF9DF002680AD /* ClockManager.swift in Sources */,
				9D01F0402AACF6FC00184C1B /* HandView.swift in Sources */,
				9D955C8E2AAC17A0002680AD /* ClockObserver.swift in Sources */,
				9D565EA32AAB824B0004F40F /* Hands.swift in Sources */,
				9D565EA12AAB80B10004F40F /* HourIndicators.swift in Sources */,
				9D565E912AAB7EA00004F40F /* SampleView.swift in Sources */,
				9D565EA92AAB9AB30004F40F /* Metallic.swift in Sources */,
				9D01F0422AACF72900184C1B /* HandViewModel.swift in Sources */,
				9D01F0442AACFC4200184C1B /* Indicators.swift in Sources */,
				9D565EA72AAB84D50004F40F /* ClockView.swift in Sources */,
				9D565E8F2AAB7EA00004F40F /* ClockApp.swift in Sources */,
				9D955C882AABF7E1002680AD /* HourIndicatorsViewModel.swift in Sources */,
			);
			runOnlyForDeploymentPostprocessing = 0;
		};
/* End PBXSourcesBuildPhase section */

/* Begin XCBuildConfiguration section */
		9D565E972AAB7EA10004F40F /* Debug */ = {
			isa = XCBuildConfiguration;
			buildSettings = {
				ALWAYS_SEARCH_USER_PATHS = NO;
				CLANG_ANALYZER_NONNULL = YES;
				CLANG_ANALYZER_NUMBER_OBJECT_CONVERSION = YES_AGGRESSIVE;
				CLANG_CXX_LANGUAGE_STANDARD = "gnu++20";
				CLANG_ENABLE_MODULES = YES;
				CLANG_ENABLE_OBJC_ARC = YES;
				CLANG_ENABLE_OBJC_WEAK = YES;
				CLANG_WARN_BLOCK_CAPTURE_AUTORELEASING = YES;
				CLANG_WARN_BOOL_CONVERSION = YES;
				CLANG_WARN_COMMA = YES;
				CLANG_WARN_CONSTANT_CONVERSION = YES;
				CLANG_WARN_DEPRECATED_OBJC_IMPLEMENTATIONS = YES;
				CLANG_WARN_DIRECT_OBJC_ISA_USAGE = YES_ERROR;
				CLANG_WARN_DOCUMENTATION_COMMENTS = YES;
				CLANG_WARN_EMPTY_BODY = YES;
				CLANG_WARN_ENUM_CONVERSION = YES;
				CLANG_WARN_INFINITE_RECURSION = YES;
				CLANG_WARN_INT_CONVERSION = YES;
				CLANG_WARN_NON_LITERAL_NULL_CONVERSION = YES;
				CLANG_WARN_OBJC_IMPLICIT_RETAIN_SELF = YES;
				CLANG_WARN_OBJC_LITERAL_CONVERSION = YES;
				CLANG_WARN_OBJC_ROOT_CLASS = YES_ERROR;
				CLANG_WARN_QUOTED_INCLUDE_IN_FRAMEWORK_HEADER = YES;
				CLANG_WARN_RANGE_LOOP_ANALYSIS = YES;
				CLANG_WARN_STRICT_PROTOTYPES = YES;
				CLANG_WARN_SUSPICIOUS_MOVE = YES;
				CLANG_WARN_UNGUARDED_AVAILABILITY = YES_AGGRESSIVE;
				CLANG_WARN_UNREACHABLE_CODE = YES;
				CLANG_WARN__DUPLICATE_METHOD_MATCH = YES;
				COPY_PHASE_STRIP = NO;
				DEBUG_INFORMATION_FORMAT = dwarf;
				ENABLE_STRICT_OBJC_MSGSEND = YES;
				ENABLE_TESTABILITY = YES;
				GCC_C_LANGUAGE_STANDARD = gnu11;
				GCC_DYNAMIC_NO_PIC = NO;
				GCC_NO_COMMON_BLOCKS = YES;
				GCC_OPTIMIZATION_LEVEL = 0;
				GCC_PREPROCESSOR_DEFINITIONS = (
					"DEBUG=1",
					"$(inherited)",
				);
				GCC_WARN_64_TO_32_BIT_CONVERSION = YES;
				GCC_WARN_ABOUT_RETURN_TYPE = YES_ERROR;
				GCC_WARN_UNDECLARED_SELECTOR = YES;
				GCC_WARN_UNINITIALIZED_AUTOS = YES_AGGRESSIVE;
				GCC_WARN_UNUSED_FUNCTION = YES;
				GCC_WARN_UNUSED_VARIABLE = YES;
				IPHONEOS_DEPLOYMENT_TARGET = 16.2;
				MTL_ENABLE_DEBUG_INFO = INCLUDE_SOURCE;
				MTL_FAST_MATH = YES;
				ONLY_ACTIVE_ARCH = YES;
				SDKROOT = iphoneos;
				SWIFT_ACTIVE_COMPILATION_CONDITIONS = DEBUG;
				SWIFT_OPTIMIZATION_LEVEL = "-Onone";
			};
			name = Debug;
		};
		9D565E982AAB7EA10004F40F /* Release */ = {
			isa = XCBuildConfiguration;
			buildSettings = {
				ALWAYS_SEARCH_USER_PATHS = NO;
				CLANG_ANALYZER_NONNULL = YES;
				CLANG_ANALYZER_NUMBER_OBJECT_CONVERSION = YES_AGGRESSIVE;
				CLANG_CXX_LANGUAGE_STANDARD = "gnu++20";
				CLANG_ENABLE_MODULES = YES;
				CLANG_ENABLE_OBJC_ARC = YES;
				CLANG_ENABLE_OBJC_WEAK = YES;
				CLANG_WARN_BLOCK_CAPTURE_AUTORELEASING = YES;
				CLANG_WARN_BOOL_CONVERSION = YES;
				CLANG_WARN_COMMA = YES;
				CLANG_WARN_CONSTANT_CONVERSION = YES;
				CLANG_WARN_DEPRECATED_OBJC_IMPLEMENTATIONS = YES;
				CLANG_WARN_DIRECT_OBJC_ISA_USAGE = YES_ERROR;
				CLANG_WARN_DOCUMENTATION_COMMENTS = YES;
				CLANG_WARN_EMPTY_BODY = YES;
				CLANG_WARN_ENUM_CONVERSION = YES;
				CLANG_WARN_INFINITE_RECURSION = YES;
				CLANG_WARN_INT_CONVERSION = YES;
				CLANG_WARN_NON_LITERAL_NULL_CONVERSION = YES;
				CLANG_WARN_OBJC_IMPLICIT_RETAIN_SELF = YES;
				CLANG_WARN_OBJC_LITERAL_CONVERSION = YES;
				CLANG_WARN_OBJC_ROOT_CLASS = YES_ERROR;
				CLANG_WARN_QUOTED_INCLUDE_IN_FRAMEWORK_HEADER = YES;
				CLANG_WARN_RANGE_LOOP_ANALYSIS = YES;
				CLANG_WARN_STRICT_PROTOTYPES = YES;
				CLANG_WARN_SUSPICIOUS_MOVE = YES;
				CLANG_WARN_UNGUARDED_AVAILABILITY = YES_AGGRESSIVE;
				CLANG_WARN_UNREACHABLE_CODE = YES;
				CLANG_WARN__DUPLICATE_METHOD_MATCH = YES;
				COPY_PHASE_STRIP = NO;
				DEBUG_INFORMATION_FORMAT = "dwarf-with-dsym";
				ENABLE_NS_ASSERTIONS = NO;
				ENABLE_STRICT_OBJC_MSGSEND = YES;
				GCC_C_LANGUAGE_STANDARD = gnu11;
				GCC_NO_COMMON_BLOCKS = YES;
				GCC_WARN_64_TO_32_BIT_CONVERSION = YES;
				GCC_WARN_ABOUT_RETURN_TYPE = YES_ERROR;
				GCC_WARN_UNDECLARED_SELECTOR = YES;
				GCC_WARN_UNINITIALIZED_AUTOS = YES_AGGRESSIVE;
				GCC_WARN_UNUSED_FUNCTION = YES;
				GCC_WARN_UNUSED_VARIABLE = YES;
				IPHONEOS_DEPLOYMENT_TARGET = 16.2;
				MTL_ENABLE_DEBUG_INFO = NO;
				MTL_FAST_MATH = YES;
				SDKROOT = iphoneos;
				SWIFT_COMPILATION_MODE = wholemodule;
				SWIFT_OPTIMIZATION_LEVEL = "-O";
				VALIDATE_PRODUCT = YES;
			};
			name = Release;
		};
		9D565E9A2AAB7EA10004F40F /* Debug */ = {
			isa = XCBuildConfiguration;
			buildSettings = {
				ASSETCATALOG_COMPILER_APPICON_NAME = AppIcon;
				ASSETCATALOG_COMPILER_GLOBAL_ACCENT_COLOR_NAME = AccentColor;
				CODE_SIGN_STYLE = Automatic;
				CURRENT_PROJECT_VERSION = 1;
				DEVELOPMENT_ASSET_PATHS = "\"Clock/Preview Content\"";
				DEVELOPMENT_TEAM = D2NZSLT7CW;
				ENABLE_PREVIEWS = YES;
				GENERATE_INFOPLIST_FILE = YES;
				INFOPLIST_KEY_UIApplicationSceneManifest_Generation = YES;
				INFOPLIST_KEY_UIApplicationSupportsIndirectInputEvents = YES;
				INFOPLIST_KEY_UILaunchScreen_Generation = YES;
				INFOPLIST_KEY_UISupportedInterfaceOrientations_iPad = "UIInterfaceOrientationPortrait UIInterfaceOrientationPortraitUpsideDown UIInterfaceOrientationLandscapeLeft UIInterfaceOrientationLandscapeRight";
				INFOPLIST_KEY_UISupportedInterfaceOrientations_iPhone = "UIInterfaceOrientationPortrait UIInterfaceOrientationLandscapeLeft UIInterfaceOrientationLandscapeRight";
				LD_RUNPATH_SEARCH_PATHS = (
					"$(inherited)",
					"@executable_path/Frameworks",
				);
				MARKETING_VERSION = 1.0;
				PRODUCT_BUNDLE_IDENTIFIER = maxvalek.Clock;
				PRODUCT_NAME = "$(TARGET_NAME)";
				SWIFT_EMIT_LOC_STRINGS = YES;
				SWIFT_VERSION = 5.0;
				TARGETED_DEVICE_FAMILY = "1,2";
			};
			name = Debug;
		};
		9D565E9B2AAB7EA10004F40F /* Release */ = {
			isa = XCBuildConfiguration;
			buildSettings = {
				ASSETCATALOG_COMPILER_APPICON_NAME = AppIcon;
				ASSETCATALOG_COMPILER_GLOBAL_ACCENT_COLOR_NAME = AccentColor;
				CODE_SIGN_STYLE = Automatic;
				CURRENT_PROJECT_VERSION = 1;
				DEVELOPMENT_ASSET_PATHS = "\"Clock/Preview Content\"";
				DEVELOPMENT_TEAM = D2NZSLT7CW;
				ENABLE_PREVIEWS = YES;
				GENERATE_INFOPLIST_FILE = YES;
				INFOPLIST_KEY_UIApplicationSceneManifest_Generation = YES;
				INFOPLIST_KEY_UIApplicationSupportsIndirectInputEvents = YES;
				INFOPLIST_KEY_UILaunchScreen_Generation = YES;
				INFOPLIST_KEY_UISupportedInterfaceOrientations_iPad = "UIInterfaceOrientationPortrait UIInterfaceOrientationPortraitUpsideDown UIInterfaceOrientationLandscapeLeft UIInterfaceOrientationLandscapeRight";
				INFOPLIST_KEY_UISupportedInterfaceOrientations_iPhone = "UIInterfaceOrientationPortrait UIInterfaceOrientationLandscapeLeft UIInterfaceOrientationLandscapeRight";
				LD_RUNPATH_SEARCH_PATHS = (
					"$(inherited)",
					"@executable_path/Frameworks",
				);
				MARKETING_VERSION = 1.0;
				PRODUCT_BUNDLE_IDENTIFIER = maxvalek.Clock;
				PRODUCT_NAME = "$(TARGET_NAME)";
				SWIFT_EMIT_LOC_STRINGS = YES;
				SWIFT_VERSION = 5.0;
				TARGETED_DEVICE_FAMILY = "1,2";
			};
			name = Release;
		};
/* End XCBuildConfiguration section */

/* Begin XCConfigurationList section */
		9D565E862AAB7EA00004F40F /* Build configuration list for PBXProject "Clock" */ = {
			isa = XCConfigurationList;
			buildConfigurations = (
				9D565E972AAB7EA10004F40F /* Debug */,
				9D565E982AAB7EA10004F40F /* Release */,
			);
			defaultConfigurationIsVisible = 0;
			defaultConfigurationName = Release;
		};
		9D565E992AAB7EA10004F40F /* Build configuration list for PBXNativeTarget "Clock" */ = {
			isa = XCConfigurationList;
			buildConfigurations = (
				9D565E9A2AAB7EA10004F40F /* Debug */,
				9D565E9B2AAB7EA10004F40F /* Release */,
			);
			defaultConfigurationIsVisible = 0;
			defaultConfigurationName = Release;
		};
/* End XCConfigurationList section */
	};
	rootObject = 9D565E832AAB7EA00004F40F /* Project object */;
}
